# DO NOT EDIT MANUALLY - Managed by Fern Replay
version: "1.0"
generations:
  - commit_sha: dd1d6249371078174c08dde81b9837f72d11cc63
    tree_hash: f28157237394c835929940826c62f471aeefacbd
    timestamp: 2026-05-20T21:31:44.144Z
    cli_version: unknown
    generator_versions: {}
current_generation: dd1d6249371078174c08dde81b9837f72d11cc63
patches: []
