# DO NOT EDIT MANUALLY - Managed by Fern Replay
version: "1.0"
generations:
  - commit_sha: dd1d6249371078174c08dde81b9837f72d11cc63
    tree_hash: f28157237394c835929940826c62f471aeefacbd
    timestamp: 2026-05-20T21:31:44.144Z
    cli_version: unknown
    generator_versions: {}
  - commit_sha: b89b669744f480564ad4ac5849748afea22cec8a
    tree_hash: 7871e03dcfd3683be6b327b45f11ec47bb0b372c
    timestamp: 2026-06-05T13:35:38.313Z
    cli_version: unknown
    generator_versions:
      fernapi/fern-python-sdk: 5.12.11
current_generation: b89b669744f480564ad4ac5849748afea22cec8a
patches:
  - id: patch-d1f3f0bc
    content_hash: sha256:a6735027dc8835496521d54258319ed19445e82d45ce5ba6075537654be448a1
    original_commit: d1f3f0bcff05acf4cb03b80acb6a5fb30fb49842
    original_message: "chore(release): 5.10.0 [skip ci]"
    original_author: semantic-release-bot <semantic-release-bot@martynus.net>
    base_generation: b89b669744f480564ad4ac5849748afea22cec8a
    files:
      - pyproject.toml
    patch_content: |
      diff --git a/pyproject.toml b/pyproject.toml
      index 10fa85a..1a3c91d 100644
      --- a/pyproject.toml
      +++ b/pyproject.toml
      @@ -4,7 +4,7 @@ dynamic = ["version"]
       
       [tool.poetry]
       name = "BasisTheoryClient"
      -version = "0.0.1"
      +version = "5.10.0"
       description = ""
       readme = "README.md"
       authors = []
    theirs_snapshot:
      pyproject.toml: |
        [project]
        name = "BasisTheoryClient"
        dynamic = ["version"]

        [tool.poetry]
        name = "BasisTheoryClient"
        version = "5.10.0"
        description = ""
        readme = "README.md"
        authors = []
        keywords = []
        license = "Apache-2.0"
        classifiers = [
            "Intended Audience :: Developers",
            "Programming Language :: Python",
            "Programming Language :: Python :: 3",
            "Programming Language :: Python :: 3.10",
            "Programming Language :: Python :: 3.11",
            "Programming Language :: Python :: 3.12",
            "Programming Language :: Python :: 3.13",
            "Programming Language :: Python :: 3.14",
            "Programming Language :: Python :: 3.15",
            "Operating System :: OS Independent",
            "Operating System :: POSIX",
            "Operating System :: MacOS",
            "Operating System :: POSIX :: Linux",
            "Operating System :: Microsoft :: Windows",
            "Topic :: Software Development :: Libraries :: Python Modules",
            "Typing :: Typed",
            "License :: OSI Approved :: Apache Software License"
        ]
        packages = [
            { include = "basis_theory", from = "src"}
        ]

        [tool.poetry.urls]
        Repository = 'https://github.com/Basis-Theory/python-sdk'

        [tool.poetry.dependencies]
        python = "^3.10"
        aiohttp = { version = ">=3.13.4,<4", optional = true, python = ">=3.9"}
        httpx = ">=0.21.2"
        httpx-aiohttp = { version = "0.1.8", optional = true, python = ">=3.9"}
        pydantic = ">= 1.9.2"
        pydantic-core = ">=2.18.2,<3.0.0"
        typing_extensions = ">= 4.0.0"

        [tool.poetry.group.dev.dependencies]
        mypy = "==1.13.0"
        pytest = "^9.0.3"
        pytest-asyncio = "^1.0.0"
        pytest-xdist = "^3.6.1"
        python-dateutil = "^2.9.0"
        types-python-dateutil = "^2.9.0.20240316"
        urllib3 = ">=2.6.3,<3.0.0"
        ruff = "==0.11.5"

        [tool.pytest.ini_options]
        testpaths = [ "tests" ]
        asyncio_mode = "auto"
        markers = [
            "aiohttp: tests that require httpx_aiohttp to be installed",
        ]

        [tool.mypy]
        plugins = ["pydantic.mypy"]

        [tool.ruff]
        line-length = 120

        [tool.ruff.lint]
        select = [
            "E",  # pycodestyle errors
            "F",  # pyflakes
            "I",  # isort
        ]
        ignore = [
            "E402",  # Module level import not at top of file
            "E501",  # Line too long
            "E711",  # Comparison to `None` should be `cond is not None`
            "E712",  # Avoid equality comparisons to `True`; use `if ...:` checks
            "E721",  # Use `is` and `is not` for type comparisons, or `isinstance()` for insinstance checks
            "E722",  # Do not use bare `except`
            "E731",  # Do not assign a `lambda` expression, use a `def`
            "F821",  # Undefined name
            "F841"   # Local variable ... is assigned to but never used
        ]

        [tool.ruff.lint.isort]
        section-order = ["future", "standard-library", "third-party", "first-party"]

        [build-system]
        requires = ["poetry-core"]
        build-backend = "poetry.core.masonry.api"

        [tool.poetry.extras]
        aiohttp=["aiohttp", "httpx-aiohttp"]
